
Microsoft Visual Studio Solution File, Format Version 12.00
# Visual Studio Version 16
VisualStudioVersion = 16.0.29020.237
MinimumVisualStudioVersion = 10.0.40219.1
Project("{9A19103F-16F7-4668-BE54-9A1E7A4F7556}") = "01-Fiap.UI.-HelloWord", "01-Fiap.UI.-HelloWord\01-Fiap.UI.-HelloWord.csproj", "{D763A680-9D7A-4F89-B4A1-829D2B52AE37}"
EndProject
Project("{FAE04EC0-301F-11D3-BF4B-00C04F79EFBC}") = "Exercicio", "Exercicio\Exercicio.csproj", "{9F792FC2-A621-4DE4-986F-0994E59934AB}"
EndProject
Global
	GlobalSection(SolutionConfigurationPlatforms) = preSolution
		Debug|Any CPU = Debug|Any CPU
		Release|Any CPU = Release|Any CPU
	EndGlobalSection
	GlobalSection(ProjectConfigurationPlatforms) = postSolution
		{D763A680-9D7A-4F89-B4A1-829D2B52AE37}.Debug|Any CPU.ActiveCfg = Debug|Any CPU
		{D763A680-9D7A-4F89-B4A1-829D2B52AE37}.Debug|Any CPU.Build.0 = Debug|Any CPU
		{D763A680-9D7A-4F89-B4A1-829D2B52AE37}.Release|Any CPU.ActiveCfg = Release|Any CPU
		{D763A680-9D7A-4F89-B4A1-829D2B52AE37}.Release|Any CPU.Build.0 = Release|Any CPU
		{9F792FC2-A621-4DE4-986F-0994E59934AB}.Debug|Any CPU.ActiveCfg = Debug|Any CPU
		{9F792FC2-A621-4DE4-986F-0994E59934AB}.Debug|Any CPU.Build.0 = Debug|Any CPU
		{9F792FC2-A621-4DE4-986F-0994E59934AB}.Release|Any CPU.ActiveCfg = Release|Any CPU
		{9F792FC2-A621-4DE4-986F-0994E59934AB}.Release|Any CPU.Build.0 = Release|Any CPU
	EndGlobalSection
	GlobalSection(SolutionProperties) = preSolution
		HideSolutionNode = FALSE
	EndGlobalSection
	GlobalSection(ExtensibilityGlobals) = postSolution
		SolutionGuid = {92075AB0-A3BD-4F55-9A3E-C84432C4C747}
	EndGlobalSection
EndGlobal
